
Microsoft Visual Studio Solution File, Format Version 12.00
# Visual Studio Version 16
VisualStudioVersion = 16.0.30128.74
MinimumVisualStudioVersion = 10.0.40219.1
Project("{9A19103F-16F7-4668-BE54-9A1E7A4F7556}") = "Social.Domain", "Social.Domain\Social.Domain.csproj", "{9E5794F4-C0A4-4AA5-BDD5-791942796581}"
EndProject
Project("{9A19103F-16F7-4668-BE54-9A1E7A4F7556}") = "Social.Application", "Social.Application\Social.Application.csproj", "{7571D375-B2C8-418C-9CDA-41533B9B55AF}"
EndProject
Project("{9A19103F-16F7-4668-BE54-9A1E7A4F7556}") = "Social.Database", "Social.Database\Social.Database.csproj", "{F2CCE1BA-827B-4A6D-90B5-58B0CEECAC23}"
EndProject
Project("{9A19103F-16F7-4668-BE54-9A1E7A4F7556}") = "Social.UI", "Social.UI\Social.UI.csproj", "{6243E679-54DF-41FB-B303-2BA2BAD5AD5B}"
EndProject
Global
	GlobalSection(SolutionConfigurationPlatforms) = preSolution
		Debug|Any CPU = Debug|Any CPU
		Release|Any CPU = Release|Any CPU
	EndGlobalSection
	GlobalSection(ProjectConfigurationPlatforms) = postSolution
		{9E5794F4-C0A4-4AA5-BDD5-791942796581}.Debug|Any CPU.ActiveCfg = Debug|Any CPU
		{9E5794F4-C0A4-4AA5-BDD5-791942796581}.Debug|Any CPU.Build.0 = Debug|Any CPU
		{9E5794F4-C0A4-4AA5-BDD5-791942796581}.Release|Any CPU.ActiveCfg = Release|Any CPU
		{9E5794F4-C0A4-4AA5-BDD5-791942796581}.Release|Any CPU.Build.0 = Release|Any CPU
		{7571D375-B2C8-418C-9CDA-41533B9B55AF}.Debug|Any CPU.ActiveCfg = Debug|Any CPU
		{7571D375-B2C8-418C-9CDA-41533B9B55AF}.Debug|Any CPU.Build.0 = Debug|Any CPU
		{7571D375-B2C8-418C-9CDA-41533B9B55AF}.Release|Any CPU.ActiveCfg = Release|Any CPU
		{7571D375-B2C8-418C-9CDA-41533B9B55AF}.Release|Any CPU.Build.0 = Release|Any CPU
		{F2CCE1BA-827B-4A6D-90B5-58B0CEECAC23}.Debug|Any CPU.ActiveCfg = Debug|Any CPU
		{F2CCE1BA-827B-4A6D-90B5-58B0CEECAC23}.Debug|Any CPU.Build.0 = Debug|Any CPU
		{F2CCE1BA-827B-4A6D-90B5-58B0CEECAC23}.Release|Any CPU.ActiveCfg = Release|Any CPU
		{F2CCE1BA-827B-4A6D-90B5-58B0CEECAC23}.Release|Any CPU.Build.0 = Release|Any CPU
		{6243E679-54DF-41FB-B303-2BA2BAD5AD5B}.Debug|Any CPU.ActiveCfg = Debug|Any CPU
		{6243E679-54DF-41FB-B303-2BA2BAD5AD5B}.Debug|Any CPU.Build.0 = Debug|Any CPU
		{6243E679-54DF-41FB-B303-2BA2BAD5AD5B}.Release|Any CPU.ActiveCfg = Release|Any CPU
		{6243E679-54DF-41FB-B303-2BA2BAD5AD5B}.Release|Any CPU.Build.0 = Release|Any CPU
	EndGlobalSection
	GlobalSection(SolutionProperties) = preSolution
		HideSolutionNode = FALSE
	EndGlobalSection
	GlobalSection(ExtensibilityGlobals) = postSolution
		SolutionGuid = {C0EBF566-803E-4DA5-B3A3-62DA18C72506}
	EndGlobalSection
EndGlobal
